
Microsoft Visual Studio Solution File, Format Version 12.00
# Visual Studio Version 17
VisualStudioVersion = 17.8.34525.116
MinimumVisualStudioVersion = 10.0.40219.1
Project("{2150E333-8FDC-42A3-9474-1A3956D46DE8}") = "FrontEnd", "FrontEnd", "{F682F9F7-305A-4A66-A13E-A082FB8D8785}"
EndProject
Project("{2150E333-8FDC-42A3-9474-1A3956D46DE8}") = "Gateway", "Gateway", "{F6584C14-76A7-4B05-B584-36DC7585AF5E}"
EndProject
Project("{2150E333-8FDC-42A3-9474-1A3956D46DE8}") = "Integration", "Integration", "{B6899AD0-1855-44A1-BFB4-8D16F66028C9}"
EndProject
Project("{2150E333-8FDC-42A3-9474-1A3956D46DE8}") = "Services", "Services", "{FF53296F-86A3-4004-AE1E-98C9EC46A5B9}"
EndProject
Project("{FAE04EC0-301F-11D3-BF4B-00C04F79EFBC}") = "Mango.Services.CouponAPI", "Mango.Services.CouponAPI\Mango.Services.CouponAPI.csproj", "{998C4360-6001-48CE-B208-37CB8B27DEC9}"
EndProject
Global
	GlobalSection(SolutionConfigurationPlatforms) = preSolution
		Debug|Any CPU = Debug|Any CPU
		Release|Any CPU = Release|Any CPU
	EndGlobalSection
	GlobalSection(ProjectConfigurationPlatforms) = postSolution
		{998C4360-6001-48CE-B208-37CB8B27DEC9}.Debug|Any CPU.ActiveCfg = Debug|Any CPU
		{998C4360-6001-48CE-B208-37CB8B27DEC9}.Debug|Any CPU.Build.0 = Debug|Any CPU
		{998C4360-6001-48CE-B208-37CB8B27DEC9}.Release|Any CPU.ActiveCfg = Release|Any CPU
		{998C4360-6001-48CE-B208-37CB8B27DEC9}.Release|Any CPU.Build.0 = Release|Any CPU
	EndGlobalSection
	GlobalSection(SolutionProperties) = preSolution
		HideSolutionNode = FALSE
	EndGlobalSection
	GlobalSection(NestedProjects) = preSolution
		{998C4360-6001-48CE-B208-37CB8B27DEC9} = {FF53296F-86A3-4004-AE1E-98C9EC46A5B9}
	EndGlobalSection
	GlobalSection(ExtensibilityGlobals) = postSolution
		SolutionGuid = {C6067585-17EE-41B9-AC42-18CAC4BA4C8C}
	EndGlobalSection
EndGlobal
